
Microsoft Visual Studio Solution File, Format Version 12.00
# Visual Studio 14
VisualStudioVersion = 14.0.24720.0
MinimumVisualStudioVersion = 10.0.40219.1
Project("{FAE04EC0-301F-11D3-BF4B-00C04F79EFBC}") = "WpfApplication1", "WpfApplication1.csproj", "{EDD62A79-2E94-40E8-B021-94608FC27630}"
EndProject
Project("{F088123C-0E9E-452A-89E6-6BA2F21D5CAC}") = "ModelingProject1", "C:\Users\lapc1809\Documents\Visual Studio 2015\Projects\ModelingProject1\ModelingProject1.modelproj", "{271F9BD5-E206-4FDC-A7AC-A64CBE8D1FF8}"
EndProject
Global
	GlobalSection(SolutionConfigurationPlatforms) = preSolution
		Debug|Any CPU = Debug|Any CPU
		Release|Any CPU = Release|Any CPU
	EndGlobalSection
	GlobalSection(ProjectConfigurationPlatforms) = postSolution
		{EDD62A79-2E94-40E8-B021-94608FC27630}.Debug|Any CPU.ActiveCfg = Debug|Any CPU
		{EDD62A79-2E94-40E8-B021-94608FC27630}.Debug|Any CPU.Build.0 = Debug|Any CPU
		{EDD62A79-2E94-40E8-B021-94608FC27630}.Release|Any CPU.ActiveCfg = Release|Any CPU
		{EDD62A79-2E94-40E8-B021-94608FC27630}.Release|Any CPU.Build.0 = Release|Any CPU
		{271F9BD5-E206-4FDC-A7AC-A64CBE8D1FF8}.Debug|Any CPU.ActiveCfg = Debug|Any CPU
		{271F9BD5-E206-4FDC-A7AC-A64CBE8D1FF8}.Debug|Any CPU.Build.0 = Debug|Any CPU
		{271F9BD5-E206-4FDC-A7AC-A64CBE8D1FF8}.Release|Any CPU.ActiveCfg = Release|Any CPU
		{271F9BD5-E206-4FDC-A7AC-A64CBE8D1FF8}.Release|Any CPU.Build.0 = Release|Any CPU
	EndGlobalSection
	GlobalSection(SolutionProperties) = preSolution
		HideSolutionNode = FALSE
	EndGlobalSection
EndGlobal
